
Microsoft Visual Studio Solution File, Format Version 12.00
# Visual Studio Version 16
VisualStudioVersion = 16.0.32106.194
MinimumVisualStudioVersion = 10.0.40219.1
Project("{FAE04EC0-301F-11D3-BF4B-00C04F79EFBC}") = "Shopping Mall", "Shopping Mall\Shopping Mall.csproj", "{102E58F4-7220-45AE-A189-58C86C04E33E}"
EndProject
Global
	GlobalSection(SolutionConfigurationPlatforms) = preSolution
		Debug|Any CPU = Debug|Any CPU
		Release|Any CPU = Release|Any CPU
	EndGlobalSection
	GlobalSection(ProjectConfigurationPlatforms) = postSolution
		{102E58F4-7220-45AE-A189-58C86C04E33E}.Debug|Any CPU.ActiveCfg = Debug|Any CPU
		{102E58F4-7220-45AE-A189-58C86C04E33E}.Debug|Any CPU.Build.0 = Debug|Any CPU
		{102E58F4-7220-45AE-A189-58C86C04E33E}.Release|Any CPU.ActiveCfg = Release|Any CPU
		{102E58F4-7220-45AE-A189-58C86C04E33E}.Release|Any CPU.Build.0 = Release|Any CPU
	EndGlobalSection
	GlobalSection(SolutionProperties) = preSolution
		HideSolutionNode = FALSE
	EndGlobalSection
	GlobalSection(ExtensibilityGlobals) = postSolution
		SolutionGuid = {CADA04E4-F92A-468F-835C-A432BF15B759}
	EndGlobalSection
EndGlobal
